
Microsoft Visual Studio Solution File, Format Version 12.00
# Visual Studio 2012
Project("{FAE04EC0-301F-11D3-BF4B-00C04F79EFBC}") = "OpenTrack", "OpenTrack.Lib\OpenTrack.csproj", "{76114F3E-5B27-4173-97CB-02A0F2D202B3}"
EndProject
Project("{FAE04EC0-301F-11D3-BF4B-00C04F79EFBC}") = "OpenTrack.TestApp", "OpenTrack.TestApp\OpenTrack.TestApp.csproj", "{68E81602-235E-4EE4-BAA1-076E852E785F}"
EndProject
Project("{2150E333-8FDC-42A3-9474-1A3956D46DE8}") = "Documents", "Documents", "{7CDC5DD2-6B24-45DE-8CBD-91D8DB58285E}"
	ProjectSection(SolutionItems) = preProject
		Build.ps1 = Build.ps1
		LICENSE.md = LICENSE.md
		OpenTrack.Lib\ProcessResponses.ps1 = OpenTrack.Lib\ProcessResponses.ps1
		README.md = README.md
	EndProjectSection
EndProject
Global
	GlobalSection(SolutionConfigurationPlatforms) = preSolution
		Debug|Any CPU = Debug|Any CPU
		Release|Any CPU = Release|Any CPU
	EndGlobalSection
	GlobalSection(ProjectConfigurationPlatforms) = postSolution
		{76114F3E-5B27-4173-97CB-02A0F2D202B3}.Debug|Any CPU.ActiveCfg = Debug|Any CPU
		{76114F3E-5B27-4173-97CB-02A0F2D202B3}.Debug|Any CPU.Build.0 = Debug|Any CPU
		{76114F3E-5B27-4173-97CB-02A0F2D202B3}.Release|Any CPU.ActiveCfg = Release|Any CPU
		{76114F3E-5B27-4173-97CB-02A0F2D202B3}.Release|Any CPU.Build.0 = Release|Any CPU
		{68E81602-235E-4EE4-BAA1-076E852E785F}.Debug|Any CPU.ActiveCfg = Debug|Any CPU
		{68E81602-235E-4EE4-BAA1-076E852E785F}.Debug|Any CPU.Build.0 = Debug|Any CPU
		{68E81602-235E-4EE4-BAA1-076E852E785F}.Release|Any CPU.ActiveCfg = Release|Any CPU
		{68E81602-235E-4EE4-BAA1-076E852E785F}.Release|Any CPU.Build.0 = Release|Any CPU
	EndGlobalSection
	GlobalSection(SolutionProperties) = preSolution
		HideSolutionNode = FALSE
	EndGlobalSection
EndGlobal
